
Microsoft Visual Studio Solution File, Format Version 12.00
# Visual Studio 2012
Project("{FAE04EC0-301F-11D3-BF4B-00C04F79EFBC}") = "MvcTables", "MvcTables\MvcTables.csproj", "{88536637-8F02-4936-BBB9-5E627B09A7A4}"
EndProject
Project("{FAE04EC0-301F-11D3-BF4B-00C04F79EFBC}") = "MvcTables.Samples", "MvcTables.Samples\MvcTables.Samples.csproj", "{0A8B0EE4-042A-4CA5-8CFE-16D52D80A53E}"
EndProject
Global
	GlobalSection(SolutionConfigurationPlatforms) = preSolution
		Debug|Any CPU = Debug|Any CPU
		Release|Any CPU = Release|Any CPU
	EndGlobalSection
	GlobalSection(ProjectConfigurationPlatforms) = postSolution
		{88536637-8F02-4936-BBB9-5E627B09A7A4}.Debug|Any CPU.ActiveCfg = Debug|Any CPU
		{88536637-8F02-4936-BBB9-5E627B09A7A4}.Debug|Any CPU.Build.0 = Debug|Any CPU
		{88536637-8F02-4936-BBB9-5E627B09A7A4}.Release|Any CPU.ActiveCfg = Release|Any CPU
		{88536637-8F02-4936-BBB9-5E627B09A7A4}.Release|Any CPU.Build.0 = Release|Any CPU
		{0A8B0EE4-042A-4CA5-8CFE-16D52D80A53E}.Debug|Any CPU.ActiveCfg = Debug|Any CPU
		{0A8B0EE4-042A-4CA5-8CFE-16D52D80A53E}.Debug|Any CPU.Build.0 = Debug|Any CPU
		{0A8B0EE4-042A-4CA5-8CFE-16D52D80A53E}.Release|Any CPU.ActiveCfg = Release|Any CPU
		{0A8B0EE4-042A-4CA5-8CFE-16D52D80A53E}.Release|Any CPU.Build.0 = Release|Any CPU
	EndGlobalSection
	GlobalSection(SolutionProperties) = preSolution
		HideSolutionNode = FALSE
	EndGlobalSection
	GlobalSection(ExtensibilityGlobals) = postSolution
		EnterpriseLibraryConfigurationToolBinariesPath = packages\Unity.2.1.505.2\lib\NET35
	EndGlobalSection
EndGlobal
